
Microsoft Visual Studio Solution File, Format Version 12.00
# Visual Studio Version 16
VisualStudioVersion = 16.0.31424.327
MinimumVisualStudioVersion = 10.0.40219.1
Project("{8BC9CEB8-8B4A-11D0-8D11-00A0C91BC942}") = "tlang", "tlang.vcxproj", "{887185AC-60E5-40D9-BC99-F2DE46CF0D29}"
EndProject
Project("{2150E333-8FDC-42A3-9474-1A3956D46DE8}") = "Solution Items", "Solution Items", "{D07360A3-1A9D-43F2-B4C2-0DFDF5DB8997}"
	ProjectSection(SolutionItems) = preProject
		dep\tl\tl.natvis = dep\tl\tl.natvis
		tlang.natvis = tlang.natvis
	EndProjectSection
EndProject
Project("{8BC9CEB8-8B4A-11D0-8D11-00A0C91BC942}") = "test_runner", "test_runner\test_runner.vcxproj", "{16969B99-DD9B-41BC-AE2C-7C5C3CBBB289}"
EndProject
Project("{911E67C6-3D85-4FCE-B560-20A9C3E3FF48}") = "a", "bin\a.exe", "{72B146B8-867E-42A2-83C6-150271C80750}"
	ProjectSection(DebuggerProjectSystem) = preProject
		PortSupplier = 00000000-0000-0000-0000-000000000000
		Executable = F:\tlang\bin\a.exe
		RemoteMachine = DESKTOP-2HA4U8E
		StartingDirectory = F:\tlang\bin
		Environment = По умолчанию
		LaunchingEngine = 00000000-0000-0000-0000-000000000000
		UseLegacyDebugEngines = No
		LaunchSQLEngine = No
		AttachLaunchAction = No
		IORedirection = Auto
	EndProjectSection
EndProject
Project("{8BC9CEB8-8B4A-11D0-8D11-00A0C91BC942}") = "nasm_x86_64_windows", "nasm_x86_64_windows.vcxproj", "{1AF0BD2E-16B1-4C3D-AB7E-17A7C29E1787}"
EndProject
Project("{8BC9CEB8-8B4A-11D0-8D11-00A0C91BC942}") = "fasm_x86_64_windows", "fasm_x86_64_windows.vcxproj", "{98A1BC8C-C1F5-4832-B3BD-60F7B63BA55F}"
EndProject
Project("{911E67C6-3D85-4FCE-B560-20A9C3E3FF48}") = "window", "bin\window.exe", "{5878F281-E4D9-4673-B8A4-DE0EE800B6DC}"
	ProjectSection(DebuggerProjectSystem) = preProject
		PortSupplier = 00000000-0000-0000-0000-000000000000
		Executable = F:\tlang\bin\window.exe
		RemoteMachine = DESKTOP-2HA4U8E
		StartingDirectory = F:\tlang\bin
		Environment = По умолчанию
		LaunchingEngine = 00000000-0000-0000-0000-000000000000
		UseLegacyDebugEngines = No
		LaunchSQLEngine = No
		AttachLaunchAction = No
		IORedirection = Auto
	EndProjectSection
EndProject
Project("{8BC9CEB8-8B4A-11D0-8D11-00A0C91BC942}") = "nasm_x86_flat", "nasm_x86_flat.vcxproj", "{BABBD040-C55A-4BF1-AE0C-DA7676EA8DBA}"
EndProject
Project("{911E67C6-3D85-4FCE-B560-20A9C3E3FF48}") = "opengl", "bin\opengl.exe", "{A86035D5-0807-4CE1-AE17-B426D64E42FE}"
	ProjectSection(DebuggerProjectSystem) = preProject
		PortSupplier = 00000000-0000-0000-0000-000000000000
		Executable = F:\tlang\bin\opengl.exe
		RemoteMachine = DESKTOP-2HA4U8E
		StartingDirectory = F:\tlang\bin
		Environment = По умолчанию
		LaunchingEngine = 00000000-0000-0000-0000-000000000000
		UseLegacyDebugEngines = No
		LaunchSQLEngine = No
		AttachLaunchAction = No
		IORedirection = Auto
	EndProjectSection
EndProject
Global
	GlobalSection(SolutionConfigurationPlatforms) = preSolution
		Debug|x64 = Debug|x64
		Debug|x86 = Debug|x86
		Release|x64 = Release|x64
		Release|x86 = Release|x86
	EndGlobalSection
	GlobalSection(ProjectConfigurationPlatforms) = postSolution
		{887185AC-60E5-40D9-BC99-F2DE46CF0D29}.Debug|x64.ActiveCfg = Debug|x64
		{887185AC-60E5-40D9-BC99-F2DE46CF0D29}.Debug|x64.Build.0 = Debug|x64
		{887185AC-60E5-40D9-BC99-F2DE46CF0D29}.Debug|x86.ActiveCfg = Debug|Win32
		{887185AC-60E5-40D9-BC99-F2DE46CF0D29}.Debug|x86.Build.0 = Debug|Win32
		{887185AC-60E5-40D9-BC99-F2DE46CF0D29}.Release|x64.ActiveCfg = Release|x64
		{887185AC-60E5-40D9-BC99-F2DE46CF0D29}.Release|x64.Build.0 = Release|x64
		{887185AC-60E5-40D9-BC99-F2DE46CF0D29}.Release|x86.ActiveCfg = Release|Win32
		{887185AC-60E5-40D9-BC99-F2DE46CF0D29}.Release|x86.Build.0 = Release|Win32
		{16969B99-DD9B-41BC-AE2C-7C5C3CBBB289}.Debug|x64.ActiveCfg = Debug|x64
		{16969B99-DD9B-41BC-AE2C-7C5C3CBBB289}.Debug|x64.Build.0 = Debug|x64
		{16969B99-DD9B-41BC-AE2C-7C5C3CBBB289}.Debug|x86.ActiveCfg = Debug|Win32
		{16969B99-DD9B-41BC-AE2C-7C5C3CBBB289}.Debug|x86.Build.0 = Debug|Win32
		{16969B99-DD9B-41BC-AE2C-7C5C3CBBB289}.Release|x64.ActiveCfg = Release|x64
		{16969B99-DD9B-41BC-AE2C-7C5C3CBBB289}.Release|x64.Build.0 = Release|x64
		{16969B99-DD9B-41BC-AE2C-7C5C3CBBB289}.Release|x86.ActiveCfg = Release|Win32
		{16969B99-DD9B-41BC-AE2C-7C5C3CBBB289}.Release|x86.Build.0 = Release|Win32
		{72B146B8-867E-42A2-83C6-150271C80750}.Debug|x64.ActiveCfg = Release
		{72B146B8-867E-42A2-83C6-150271C80750}.Debug|x86.ActiveCfg = Release
		{72B146B8-867E-42A2-83C6-150271C80750}.Release|x64.ActiveCfg = Release
		{72B146B8-867E-42A2-83C6-150271C80750}.Release|x86.ActiveCfg = Release
		{1AF0BD2E-16B1-4C3D-AB7E-17A7C29E1787}.Debug|x64.ActiveCfg = Debug|x64
		{1AF0BD2E-16B1-4C3D-AB7E-17A7C29E1787}.Debug|x64.Build.0 = Debug|x64
		{1AF0BD2E-16B1-4C3D-AB7E-17A7C29E1787}.Debug|x86.ActiveCfg = Debug|Win32
		{1AF0BD2E-16B1-4C3D-AB7E-17A7C29E1787}.Debug|x86.Build.0 = Debug|Win32
		{1AF0BD2E-16B1-4C3D-AB7E-17A7C29E1787}.Release|x64.ActiveCfg = Release|x64
		{1AF0BD2E-16B1-4C3D-AB7E-17A7C29E1787}.Release|x64.Build.0 = Release|x64
		{1AF0BD2E-16B1-4C3D-AB7E-17A7C29E1787}.Release|x86.ActiveCfg = Release|Win32
		{1AF0BD2E-16B1-4C3D-AB7E-17A7C29E1787}.Release|x86.Build.0 = Release|Win32
		{98A1BC8C-C1F5-4832-B3BD-60F7B63BA55F}.Debug|x64.ActiveCfg = Debug|x64
		{98A1BC8C-C1F5-4832-B3BD-60F7B63BA55F}.Debug|x64.Build.0 = Debug|x64
		{98A1BC8C-C1F5-4832-B3BD-60F7B63BA55F}.Debug|x86.ActiveCfg = Debug|Win32
		{98A1BC8C-C1F5-4832-B3BD-60F7B63BA55F}.Debug|x86.Build.0 = Debug|Win32
		{98A1BC8C-C1F5-4832-B3BD-60F7B63BA55F}.Release|x64.ActiveCfg = Release|x64
		{98A1BC8C-C1F5-4832-B3BD-60F7B63BA55F}.Release|x64.Build.0 = Release|x64
		{98A1BC8C-C1F5-4832-B3BD-60F7B63BA55F}.Release|x86.ActiveCfg = Release|Win32
		{98A1BC8C-C1F5-4832-B3BD-60F7B63BA55F}.Release|x86.Build.0 = Release|Win32
		{5878F281-E4D9-4673-B8A4-DE0EE800B6DC}.Debug|x64.ActiveCfg = Release|x64
		{5878F281-E4D9-4673-B8A4-DE0EE800B6DC}.Debug|x86.ActiveCfg = Release|x64
		{5878F281-E4D9-4673-B8A4-DE0EE800B6DC}.Release|x64.ActiveCfg = Release|x64
		{5878F281-E4D9-4673-B8A4-DE0EE800B6DC}.Release|x86.ActiveCfg = Release|x64
		{BABBD040-C55A-4BF1-AE0C-DA7676EA8DBA}.Debug|x64.ActiveCfg = Debug|x64
		{BABBD040-C55A-4BF1-AE0C-DA7676EA8DBA}.Debug|x64.Build.0 = Debug|x64
		{BABBD040-C55A-4BF1-AE0C-DA7676EA8DBA}.Debug|x86.ActiveCfg = Debug|Win32
		{BABBD040-C55A-4BF1-AE0C-DA7676EA8DBA}.Debug|x86.Build.0 = Debug|Win32
		{BABBD040-C55A-4BF1-AE0C-DA7676EA8DBA}.Release|x64.ActiveCfg = Release|x64
		{BABBD040-C55A-4BF1-AE0C-DA7676EA8DBA}.Release|x64.Build.0 = Release|x64
		{BABBD040-C55A-4BF1-AE0C-DA7676EA8DBA}.Release|x86.ActiveCfg = Release|Win32
		{BABBD040-C55A-4BF1-AE0C-DA7676EA8DBA}.Release|x86.Build.0 = Release|Win32
		{A86035D5-0807-4CE1-AE17-B426D64E42FE}.Debug|x64.ActiveCfg = Release|x64
		{A86035D5-0807-4CE1-AE17-B426D64E42FE}.Debug|x86.ActiveCfg = Release|x64
		{A86035D5-0807-4CE1-AE17-B426D64E42FE}.Release|x64.ActiveCfg = Release|x64
		{A86035D5-0807-4CE1-AE17-B426D64E42FE}.Release|x86.ActiveCfg = Release|x64
	EndGlobalSection
	GlobalSection(SolutionProperties) = preSolution
		HideSolutionNode = FALSE
	EndGlobalSection
	GlobalSection(ExtensibilityGlobals) = postSolution
		SolutionGuid = {9C2C4FC9-7506-40E4-B3F3-86DDDB9AA66B}
	EndGlobalSection
EndGlobal
