
Microsoft Visual Studio Solution File, Format Version 12.00
# Visual Studio Version 16
VisualStudioVersion = 16.0.31424.327
MinimumVisualStudioVersion = 10.0.40219.1
Project("{8BC9CEB8-8B4A-11D0-8D11-00A0C91BC942}") = "tlang", "tlang.vcxproj", "{887185AC-60E5-40D9-BC99-F2DE46CF0D29}"
	ProjectSection(ProjectDependencies) = postProject
		{93A7B294-A46D-471D-9ECA-87872F92E205} = {93A7B294-A46D-471D-9ECA-87872F92E205}
	EndProjectSection
EndProject
Project("{2150E333-8FDC-42A3-9474-1A3956D46DE8}") = "Solution Items", "Solution Items", "{D07360A3-1A9D-43F2-B4C2-0DFDF5DB8997}"
	ProjectSection(SolutionItems) = preProject
		dep\tl\tl.natvis = dep\tl\tl.natvis
		tlang.natvis = tlang.natvis
	EndProjectSection
EndProject
Project("{8BC9CEB8-8B4A-11D0-8D11-00A0C91BC942}") = "test_runner", "test_runner\test_runner.vcxproj", "{16969B99-DD9B-41BC-AE2C-7C5C3CBBB289}"
EndProject
Project("{8BC9CEB8-8B4A-11D0-8D11-00A0C91BC942}") = "nasm_x86_64_windows", "nasm_x86_64_windows.vcxproj", "{1AF0BD2E-16B1-4C3D-AB7E-17A7C29E1787}"
EndProject
Project("{8BC9CEB8-8B4A-11D0-8D11-00A0C91BC942}") = "fasm_x86_64_windows", "fasm_x86_64_windows.vcxproj", "{98A1BC8C-C1F5-4832-B3BD-60F7B63BA55F}"
EndProject
Project("{8BC9CEB8-8B4A-11D0-8D11-00A0C91BC942}") = "nasm_x86_flat", "nasm_x86_flat.vcxproj", "{BABBD040-C55A-4BF1-AE0C-DA7676EA8DBA}"
EndProject
Project("{8BC9CEB8-8B4A-11D0-8D11-00A0C91BC942}") = "x86_64_windows", "x86_64_windows.vcxproj", "{93A7B294-A46D-471D-9ECA-87872F92E205}"
EndProject
Project("{8BC9CEB8-8B4A-11D0-8D11-00A0C91BC942}") = "interpret", "interpret.vcxproj", "{9B9D13DD-3E2B-419B-9FBB-BF91C04A3AB3}"
EndProject
Project("{8BC9CEB8-8B4A-11D0-8D11-00A0C91BC942}") = "stb", "stb\stb.vcxproj", "{F316C538-5CC7-4068-ABBB-54F19025A2EF}"
EndProject
Project("{8BC9CEB8-8B4A-11D0-8D11-00A0C91BC942}") = "c_x86_64_windows", "cpp_x86_64_windows.vcxproj", "{998E8C72-A43D-4569-ABB6-9B6830B17AA5}"
EndProject
Global
	GlobalSection(SolutionConfigurationPlatforms) = preSolution
		Debug|x64 = Debug|x64
		DebugFast|x64 = DebugFast|x64
		Release|x64 = Release|x64
	EndGlobalSection
	GlobalSection(ProjectConfigurationPlatforms) = postSolution
		{887185AC-60E5-40D9-BC99-F2DE46CF0D29}.Debug|x64.ActiveCfg = Debug|x64
		{887185AC-60E5-40D9-BC99-F2DE46CF0D29}.Debug|x64.Build.0 = Debug|x64
		{887185AC-60E5-40D9-BC99-F2DE46CF0D29}.DebugFast|x64.ActiveCfg = DebugFast|x64
		{887185AC-60E5-40D9-BC99-F2DE46CF0D29}.DebugFast|x64.Build.0 = DebugFast|x64
		{887185AC-60E5-40D9-BC99-F2DE46CF0D29}.Release|x64.ActiveCfg = Release|x64
		{887185AC-60E5-40D9-BC99-F2DE46CF0D29}.Release|x64.Build.0 = Release|x64
		{16969B99-DD9B-41BC-AE2C-7C5C3CBBB289}.Debug|x64.ActiveCfg = Debug|x64
		{16969B99-DD9B-41BC-AE2C-7C5C3CBBB289}.Debug|x64.Build.0 = Debug|x64
		{16969B99-DD9B-41BC-AE2C-7C5C3CBBB289}.DebugFast|x64.ActiveCfg = DebugFast|x64
		{16969B99-DD9B-41BC-AE2C-7C5C3CBBB289}.DebugFast|x64.Build.0 = DebugFast|x64
		{16969B99-DD9B-41BC-AE2C-7C5C3CBBB289}.Release|x64.ActiveCfg = Release|x64
		{16969B99-DD9B-41BC-AE2C-7C5C3CBBB289}.Release|x64.Build.0 = Release|x64
		{1AF0BD2E-16B1-4C3D-AB7E-17A7C29E1787}.Debug|x64.ActiveCfg = Debug|x64
		{1AF0BD2E-16B1-4C3D-AB7E-17A7C29E1787}.Debug|x64.Build.0 = Debug|x64
		{1AF0BD2E-16B1-4C3D-AB7E-17A7C29E1787}.DebugFast|x64.ActiveCfg = DebugFast|x64
		{1AF0BD2E-16B1-4C3D-AB7E-17A7C29E1787}.DebugFast|x64.Build.0 = DebugFast|x64
		{1AF0BD2E-16B1-4C3D-AB7E-17A7C29E1787}.Release|x64.ActiveCfg = Release|x64
		{1AF0BD2E-16B1-4C3D-AB7E-17A7C29E1787}.Release|x64.Build.0 = Release|x64
		{98A1BC8C-C1F5-4832-B3BD-60F7B63BA55F}.Debug|x64.ActiveCfg = Debug|x64
		{98A1BC8C-C1F5-4832-B3BD-60F7B63BA55F}.Debug|x64.Build.0 = Debug|x64
		{98A1BC8C-C1F5-4832-B3BD-60F7B63BA55F}.DebugFast|x64.ActiveCfg = DebugFast|x64
		{98A1BC8C-C1F5-4832-B3BD-60F7B63BA55F}.DebugFast|x64.Build.0 = DebugFast|x64
		{98A1BC8C-C1F5-4832-B3BD-60F7B63BA55F}.Release|x64.ActiveCfg = Release|x64
		{98A1BC8C-C1F5-4832-B3BD-60F7B63BA55F}.Release|x64.Build.0 = Release|x64
		{BABBD040-C55A-4BF1-AE0C-DA7676EA8DBA}.Debug|x64.ActiveCfg = Debug|x64
		{BABBD040-C55A-4BF1-AE0C-DA7676EA8DBA}.Debug|x64.Build.0 = Debug|x64
		{BABBD040-C55A-4BF1-AE0C-DA7676EA8DBA}.DebugFast|x64.ActiveCfg = UltraSpeed|x64
		{BABBD040-C55A-4BF1-AE0C-DA7676EA8DBA}.DebugFast|x64.Build.0 = UltraSpeed|x64
		{BABBD040-C55A-4BF1-AE0C-DA7676EA8DBA}.Release|x64.ActiveCfg = Release|x64
		{BABBD040-C55A-4BF1-AE0C-DA7676EA8DBA}.Release|x64.Build.0 = Release|x64
		{93A7B294-A46D-471D-9ECA-87872F92E205}.Debug|x64.ActiveCfg = Debug|x64
		{93A7B294-A46D-471D-9ECA-87872F92E205}.Debug|x64.Build.0 = Debug|x64
		{93A7B294-A46D-471D-9ECA-87872F92E205}.DebugFast|x64.ActiveCfg = DebugFast|x64
		{93A7B294-A46D-471D-9ECA-87872F92E205}.Release|x64.ActiveCfg = Release|x64
		{9B9D13DD-3E2B-419B-9FBB-BF91C04A3AB3}.Debug|x64.ActiveCfg = Debug|x64
		{9B9D13DD-3E2B-419B-9FBB-BF91C04A3AB3}.Debug|x64.Build.0 = Debug|x64
		{9B9D13DD-3E2B-419B-9FBB-BF91C04A3AB3}.DebugFast|x64.ActiveCfg = UltraSpeed|x64
		{9B9D13DD-3E2B-419B-9FBB-BF91C04A3AB3}.DebugFast|x64.Build.0 = UltraSpeed|x64
		{9B9D13DD-3E2B-419B-9FBB-BF91C04A3AB3}.Release|x64.ActiveCfg = Release|x64
		{9B9D13DD-3E2B-419B-9FBB-BF91C04A3AB3}.Release|x64.Build.0 = Release|x64
		{F316C538-5CC7-4068-ABBB-54F19025A2EF}.Debug|x64.ActiveCfg = Debug|x64
		{F316C538-5CC7-4068-ABBB-54F19025A2EF}.Debug|x64.Build.0 = Debug|x64
		{F316C538-5CC7-4068-ABBB-54F19025A2EF}.DebugFast|x64.ActiveCfg = Debug|x64
		{F316C538-5CC7-4068-ABBB-54F19025A2EF}.DebugFast|x64.Build.0 = Debug|x64
		{F316C538-5CC7-4068-ABBB-54F19025A2EF}.Release|x64.ActiveCfg = Release|x64
		{F316C538-5CC7-4068-ABBB-54F19025A2EF}.Release|x64.Build.0 = Release|x64
		{998E8C72-A43D-4569-ABB6-9B6830B17AA5}.Debug|x64.ActiveCfg = Debug|x64
		{998E8C72-A43D-4569-ABB6-9B6830B17AA5}.Debug|x64.Build.0 = Debug|x64
		{998E8C72-A43D-4569-ABB6-9B6830B17AA5}.DebugFast|x64.ActiveCfg = DebugFast|x64
		{998E8C72-A43D-4569-ABB6-9B6830B17AA5}.Release|x64.ActiveCfg = Release|x64
		{998E8C72-A43D-4569-ABB6-9B6830B17AA5}.Release|x64.Build.0 = Release|x64
	EndGlobalSection
	GlobalSection(SolutionProperties) = preSolution
		HideSolutionNode = FALSE
	EndGlobalSection
	GlobalSection(ExtensibilityGlobals) = postSolution
		SolutionGuid = {9C2C4FC9-7506-40E4-B3F3-86DDDB9AA66B}
	EndGlobalSection
EndGlobal
